{
  "name": "altv.rmlui.nametag.example",
  "version": "1.0.0",
  "lockfileVersion": 2,
  "requires": true,
  "packages": {
    "": {
      "name": "altv.rmlui.nametag.example",
      "version": "1.0.0",
      "license": "ISC",
      "devDependencies": {
        "@altv/types-client": "^2.1.8",
        "@altv/types-natives": "^1.4.4",
        "@altv/types-shared": "^1.2.5"
      }
    },
    "node_modules/@altv/types-client": {
      "version": "2.1.8",
      "resolved": "https://registry.npmjs.org/@altv/types-client/-/types-client-2.1.8.tgz",
      "integrity": "sha512-Ti8SktJIkN1ZZiQKXJ9AJzlbhKCqt2WSouNVx3OLmZLa56abZMyoShos28YhiP8s7I8CQ9i/oxha9tGzork0Ig==",
      "dev": true,
      "peerDependencies": {
        "@altv/types-shared": "1.2.x",
        "@altv/types-worker": "1.0.x"
      }
    },
    "node_modules/@altv/types-natives": {
      "version": "1.4.4",
      "resolved": "https://registry.npmjs.org/@altv/types-natives/-/types-natives-1.4.4.tgz",
      "integrity": "sha512-qcIPhpRAhGnErtf3p1iVGL6CIUJWc1IdYJl6K9T5c7W8Nd9RM2cv4JIyQg3TTXLiu+1gAZlkD8KyYKIfs5BqnQ==",
      "dev": true,
      "peerDependencies": {
        "@altv/types-client": ">=1.7.0"
      }
    },
    "node_modules/@altv/types-shared": {
      "version": "1.2.5",
      "resolved": "https://registry.npmjs.org/@altv/types-shared/-/types-shared-1.2.5.tgz",
      "integrity": "sha512-SzHcGEkgn7U08Hmj8pH+iSd0oYRGRpZEIJ2edpJYMVe1zIPcjC8ULIoranNE6FoEGEsusy5MZS1cnAH/QHDh6g==",
      "dev": true
    },
    "node_modules/@altv/types-worker": {
      "version": "1.0.6",
      "resolved": "https://registry.npmjs.org/@altv/types-worker/-/types-worker-1.0.6.tgz",
      "integrity": "sha512-wsEG0PNHK2/jZvADOdWlzFGlKUAGM2esEFUtIRU7/pJsem6+aDS5E5GKp9lh3+5mk1ZByvzjbjxfS628U7O2LQ==",
      "dev": true,
      "peer": true,
      "peerDependencies": {
        "@altv/types-client": "2.1.x"
      }
    }
  },
  "dependencies": {
    "@altv/types-client": {
      "version": "2.1.8",
      "resolved": "https://registry.npmjs.org/@altv/types-client/-/types-client-2.1.8.tgz",
      "integrity": "sha512-Ti8SktJIkN1ZZiQKXJ9AJzlbhKCqt2WSouNVx3OLmZLa56abZMyoShos28YhiP8s7I8CQ9i/oxha9tGzork0Ig==",
      "dev": true,
      "requires": {}
    },
    "@altv/types-natives": {
      "version": "1.4.4",
      "resolved": "https://registry.npmjs.org/@altv/types-natives/-/types-natives-1.4.4.tgz",
      "integrity": "sha512-qcIPhpRAhGnErtf3p1iVGL6CIUJWc1IdYJl6K9T5c7W8Nd9RM2cv4JIyQg3TTXLiu+1gAZlkD8KyYKIfs5BqnQ==",
      "dev": true,
      "requires": {}
    },
    "@altv/types-shared": {
      "version": "1.2.5",
      "resolved": "https://registry.npmjs.org/@altv/types-shared/-/types-shared-1.2.5.tgz",
      "integrity": "sha512-SzHcGEkgn7U08Hmj8pH+iSd0oYRGRpZEIJ2edpJYMVe1zIPcjC8ULIoranNE6FoEGEsusy5MZS1cnAH/QHDh6g==",
      "dev": true
    },
    "@altv/types-worker": {
      "version": "1.0.6",
      "resolved": "https://registry.npmjs.org/@altv/types-worker/-/types-worker-1.0.6.tgz",
      "integrity": "sha512-wsEG0PNHK2/jZvADOdWlzFGlKUAGM2esEFUtIRU7/pJsem6+aDS5E5GKp9lh3+5mk1ZByvzjbjxfS628U7O2LQ==",
      "dev": true,
      "peer": true,
      "requires": {}
    }
  }
}
